
Microsoft Visual Studio Solution File, Format Version 12.00
# Visual Studio 15
VisualStudioVersion = 15.0.26430.13
MinimumVisualStudioVersion = 10.0.40219.1
Project("{FAE04EC0-301F-11D3-BF4B-00C04F79EFBC}") = "CreatorsNews", "CreatorsNews\CreatorsNews.csproj", "{E599EB64-D317-46BB-B786-A07B3F435602}"
EndProject
Project("{FAE04EC0-301F-11D3-BF4B-00C04F79EFBC}") = "CreatorsMusic", "CreatorsMusic\CreatorsMusic.csproj", "{3871BFD1-C20B-4557-A8F9-CED4B9B26AD6}"
EndProject
Project("{FAE04EC0-301F-11D3-BF4B-00C04F79EFBC}") = "Shared", "Shared\Shared.csproj", "{606C62C2-46DC-48A2-A1F2-E9514990DAFA}"
EndProject
Global
	GlobalSection(SolutionConfigurationPlatforms) = preSolution
		Debug|Any CPU = Debug|Any CPU
		Debug|ARM = Debug|ARM
		Debug|x64 = Debug|x64
		Debug|x86 = Debug|x86
		Release|Any CPU = Release|Any CPU
		Release|ARM = Release|ARM
		Release|x64 = Release|x64
		Release|x86 = Release|x86
	EndGlobalSection
	GlobalSection(ProjectConfigurationPlatforms) = postSolution
		{E599EB64-D317-46BB-B786-A07B3F435602}.Debug|Any CPU.ActiveCfg = Debug|x86
		{E599EB64-D317-46BB-B786-A07B3F435602}.Debug|ARM.ActiveCfg = Debug|ARM
		{E599EB64-D317-46BB-B786-A07B3F435602}.Debug|ARM.Build.0 = Debug|ARM
		{E599EB64-D317-46BB-B786-A07B3F435602}.Debug|ARM.Deploy.0 = Debug|ARM
		{E599EB64-D317-46BB-B786-A07B3F435602}.Debug|x64.ActiveCfg = Debug|x64
		{E599EB64-D317-46BB-B786-A07B3F435602}.Debug|x64.Build.0 = Debug|x64
		{E599EB64-D317-46BB-B786-A07B3F435602}.Debug|x64.Deploy.0 = Debug|x64
		{E599EB64-D317-46BB-B786-A07B3F435602}.Debug|x86.ActiveCfg = Debug|x86
		{E599EB64-D317-46BB-B786-A07B3F435602}.Debug|x86.Build.0 = Debug|x86
		{E599EB64-D317-46BB-B786-A07B3F435602}.Debug|x86.Deploy.0 = Debug|x86
		{E599EB64-D317-46BB-B786-A07B3F435602}.Release|Any CPU.ActiveCfg = Release|x86
		{E599EB64-D317-46BB-B786-A07B3F435602}.Release|ARM.ActiveCfg = Release|ARM
		{E599EB64-D317-46BB-B786-A07B3F435602}.Release|ARM.Build.0 = Release|ARM
		{E599EB64-D317-46BB-B786-A07B3F435602}.Release|ARM.Deploy.0 = Release|ARM
		{E599EB64-D317-46BB-B786-A07B3F435602}.Release|x64.ActiveCfg = Release|x64
		{E599EB64-D317-46BB-B786-A07B3F435602}.Release|x64.Build.0 = Release|x64
		{E599EB64-D317-46BB-B786-A07B3F435602}.Release|x64.Deploy.0 = Release|x64
		{E599EB64-D317-46BB-B786-A07B3F435602}.Release|x86.ActiveCfg = Release|x86
		{E599EB64-D317-46BB-B786-A07B3F435602}.Release|x86.Build.0 = Release|x86
		{E599EB64-D317-46BB-B786-A07B3F435602}.Release|x86.Deploy.0 = Release|x86
		{3871BFD1-C20B-4557-A8F9-CED4B9B26AD6}.Debug|Any CPU.ActiveCfg = Debug|x86
		{3871BFD1-C20B-4557-A8F9-CED4B9B26AD6}.Debug|ARM.ActiveCfg = Debug|ARM
		{3871BFD1-C20B-4557-A8F9-CED4B9B26AD6}.Debug|ARM.Build.0 = Debug|ARM
		{3871BFD1-C20B-4557-A8F9-CED4B9B26AD6}.Debug|ARM.Deploy.0 = Debug|ARM
		{3871BFD1-C20B-4557-A8F9-CED4B9B26AD6}.Debug|x64.ActiveCfg = Debug|x64
		{3871BFD1-C20B-4557-A8F9-CED4B9B26AD6}.Debug|x64.Build.0 = Debug|x64
		{3871BFD1-C20B-4557-A8F9-CED4B9B26AD6}.Debug|x64.Deploy.0 = Debug|x64
		{3871BFD1-C20B-4557-A8F9-CED4B9B26AD6}.Debug|x86.ActiveCfg = Debug|x86
		{3871BFD1-C20B-4557-A8F9-CED4B9B26AD6}.Debug|x86.Build.0 = Debug|x86
		{3871BFD1-C20B-4557-A8F9-CED4B9B26AD6}.Debug|x86.Deploy.0 = Debug|x86
		{3871BFD1-C20B-4557-A8F9-CED4B9B26AD6}.Release|Any CPU.ActiveCfg = Release|x86
		{3871BFD1-C20B-4557-A8F9-CED4B9B26AD6}.Release|ARM.ActiveCfg = Release|ARM
		{3871BFD1-C20B-4557-A8F9-CED4B9B26AD6}.Release|ARM.Build.0 = Release|ARM
		{3871BFD1-C20B-4557-A8F9-CED4B9B26AD6}.Release|ARM.Deploy.0 = Release|ARM
		{3871BFD1-C20B-4557-A8F9-CED4B9B26AD6}.Release|x64.ActiveCfg = Release|x64
		{3871BFD1-C20B-4557-A8F9-CED4B9B26AD6}.Release|x64.Build.0 = Release|x64
		{3871BFD1-C20B-4557-A8F9-CED4B9B26AD6}.Release|x64.Deploy.0 = Release|x64
		{3871BFD1-C20B-4557-A8F9-CED4B9B26AD6}.Release|x86.ActiveCfg = Release|x86
		{3871BFD1-C20B-4557-A8F9-CED4B9B26AD6}.Release|x86.Build.0 = Release|x86
		{3871BFD1-C20B-4557-A8F9-CED4B9B26AD6}.Release|x86.Deploy.0 = Release|x86
		{606C62C2-46DC-48A2-A1F2-E9514990DAFA}.Debug|Any CPU.ActiveCfg = Debug|Any CPU
		{606C62C2-46DC-48A2-A1F2-E9514990DAFA}.Debug|Any CPU.Build.0 = Debug|Any CPU
		{606C62C2-46DC-48A2-A1F2-E9514990DAFA}.Debug|ARM.ActiveCfg = Debug|ARM
		{606C62C2-46DC-48A2-A1F2-E9514990DAFA}.Debug|ARM.Build.0 = Debug|ARM
		{606C62C2-46DC-48A2-A1F2-E9514990DAFA}.Debug|x64.ActiveCfg = Debug|x64
		{606C62C2-46DC-48A2-A1F2-E9514990DAFA}.Debug|x64.Build.0 = Debug|x64
		{606C62C2-46DC-48A2-A1F2-E9514990DAFA}.Debug|x86.ActiveCfg = Debug|x86
		{606C62C2-46DC-48A2-A1F2-E9514990DAFA}.Debug|x86.Build.0 = Debug|x86
		{606C62C2-46DC-48A2-A1F2-E9514990DAFA}.Release|Any CPU.ActiveCfg = Release|Any CPU
		{606C62C2-46DC-48A2-A1F2-E9514990DAFA}.Release|Any CPU.Build.0 = Release|Any CPU
		{606C62C2-46DC-48A2-A1F2-E9514990DAFA}.Release|ARM.ActiveCfg = Release|ARM
		{606C62C2-46DC-48A2-A1F2-E9514990DAFA}.Release|ARM.Build.0 = Release|ARM
		{606C62C2-46DC-48A2-A1F2-E9514990DAFA}.Release|x64.ActiveCfg = Release|x64
		{606C62C2-46DC-48A2-A1F2-E9514990DAFA}.Release|x64.Build.0 = Release|x64
		{606C62C2-46DC-48A2-A1F2-E9514990DAFA}.Release|x86.ActiveCfg = Release|x86
		{606C62C2-46DC-48A2-A1F2-E9514990DAFA}.Release|x86.Build.0 = Release|x86
	EndGlobalSection
	GlobalSection(SolutionProperties) = preSolution
		HideSolutionNode = FALSE
	EndGlobalSection
EndGlobal
